// !$*UTF8*$!
{
	archiveVersion = 1;
	classes = {
	};
	objectVersion = 56;
	objects = {

/* Begin PBXBuildFile section */
		19659AD92B74C7EC00158FF0 /* MoneyManagerApp.swift in Sources */ = {isa = PBXBuildFile; fileRef = 19659AD82B74C7EC00158FF0 /* MoneyManagerApp.swift */; };
		19659ADD2B74C7EF00158FF0 /* Assets.xcassets in Resources */ = {isa = PBXBuildFile; fileRef = 19659ADC2B74C7EF00158FF0 /* Assets.xcassets */; };
		19659AE02B74C7EF00158FF0 /* Preview Assets.xcassets in Resources */ = {isa = PBXBuildFile; fileRef = 19659ADF2B74C7EF00158FF0 /* Preview Assets.xcassets */; };
		19659AEC2B74CA7300158FF0 /* DashboardView.swift in Sources */ = {isa = PBXBuildFile; fileRef = 19659AEB2B74CA7300158FF0 /* DashboardView.swift */; };
		19659AEE2B74D9B300158FF0 /* DashboardViewModel.swift in Sources */ = {isa = PBXBuildFile; fileRef = 19659AED2B74D9B300158FF0 /* DashboardViewModel.swift */; };
		19659AF32B74DAAB00158FF0 /* Wishlist.swift in Sources */ = {isa = PBXBuildFile; fileRef = 19659AF22B74DAAB00158FF0 /* Wishlist.swift */; };
		19659AF82B75030A00158FF0 /* AddWishlistView.swift in Sources */ = {isa = PBXBuildFile; fileRef = 19659AF72B75030A00158FF0 /* AddWishlistView.swift */; };
		19659AFA2B75156700158FF0 /* AddWishlistViewModel.swift in Sources */ = {isa = PBXBuildFile; fileRef = 19659AF92B75156700158FF0 /* AddWishlistViewModel.swift */; };
		19659AFE2B7516D800158FF0 /* WishlistRepository.swift in Sources */ = {isa = PBXBuildFile; fileRef = 19659AFD2B7516D800158FF0 /* WishlistRepository.swift */; };
		19659B012B7516EC00158FF0 /* WishlistLocalDataSource.swift in Sources */ = {isa = PBXBuildFile; fileRef = 19659B002B7516EC00158FF0 /* WishlistLocalDataSource.swift */; };
		19659B082B7518FF00158FF0 /* WishlistStorage.xcdatamodeld in Sources */ = {isa = PBXBuildFile; fileRef = 19659B052B7518FF00158FF0 /* WishlistStorage.xcdatamodeld */; };
		19659B0A2B7519F300158FF0 /* CoreDataManager.swift in Sources */ = {isa = PBXBuildFile; fileRef = 19659B092B7519F300158FF0 /* CoreDataManager.swift */; };
		19659B0E2B76096800158FF0 /* DateHelper.swift in Sources */ = {isa = PBXBuildFile; fileRef = 19659B0D2B76096800158FF0 /* DateHelper.swift */; };
		19659B112B7660BA00158FF0 /* ConfirmPurchaseView.swift in Sources */ = {isa = PBXBuildFile; fileRef = 19659B102B7660BA00158FF0 /* ConfirmPurchaseView.swift */; };
/* End PBXBuildFile section */

/* Begin PBXFileReference section */
		19659AD52B74C7EC00158FF0 /* MoneyManager.app */ = {isa = PBXFileReference; explicitFileType = wrapper.application; includeInIndex = 0; path = MoneyManager.app; sourceTree = BUILT_PRODUCTS_DIR; };
		19659AD82B74C7EC00158FF0 /* MoneyManagerApp.swift */ = {isa = PBXFileReference; lastKnownFileType = sourcecode.swift; path = MoneyManagerApp.swift; sourceTree = "<group>"; };
		19659ADC2B74C7EF00158FF0 /* Assets.xcassets */ = {isa = PBXFileReference; lastKnownFileType = folder.assetcatalog; path = Assets.xcassets; sourceTree = "<group>"; };
		19659ADF2B74C7EF00158FF0 /* Preview Assets.xcassets */ = {isa = PBXFileReference; lastKnownFileType = folder.assetcatalog; path = "Preview Assets.xcassets"; sourceTree = "<group>"; };
		19659AEB2B74CA7300158FF0 /* DashboardView.swift */ = {isa = PBXFileReference; lastKnownFileType = sourcecode.swift; path = DashboardView.swift; sourceTree = "<group>"; };
		19659AED2B74D9B300158FF0 /* DashboardViewModel.swift */ = {isa = PBXFileReference; lastKnownFileType = sourcecode.swift; path = DashboardViewModel.swift; sourceTree = "<group>"; };
		19659AF22B74DAAB00158FF0 /* Wishlist.swift */ = {isa = PBXFileReference; lastKnownFileType = sourcecode.swift; path = Wishlist.swift; sourceTree = "<group>"; };
		19659AF72B75030A00158FF0 /* AddWishlistView.swift */ = {isa = PBXFileReference; lastKnownFileType = sourcecode.swift; path = AddWishlistView.swift; sourceTree = "<group>"; };
		19659AF92B75156700158FF0 /* AddWishlistViewModel.swift */ = {isa = PBXFileReference; lastKnownFileType = sourcecode.swift; path = AddWishlistViewModel.swift; sourceTree = "<group>"; };
		19659AFD2B7516D800158FF0 /* WishlistRepository.swift */ = {isa = PBXFileReference; lastKnownFileType = sourcecode.swift; path = WishlistRepository.swift; sourceTree = "<group>"; };
		19659B002B7516EC00158FF0 /* WishlistLocalDataSource.swift */ = {isa = PBXFileReference; lastKnownFileType = sourcecode.swift; path = WishlistLocalDataSource.swift; sourceTree = "<group>"; };
		19659B062B7518FF00158FF0 /* WishlistStorage.xcdatamodel */ = {isa = PBXFileReference; lastKnownFileType = wrapper.xcdatamodel; path = WishlistStorage.xcdatamodel; sourceTree = "<group>"; };
		19659B072B7518FF00158FF0 /* Wishlist.xcdatamodel */ = {isa = PBXFileReference; lastKnownFileType = wrapper.xcdatamodel; path = Wishlist.xcdatamodel; sourceTree = "<group>"; };
		19659B092B7519F300158FF0 /* CoreDataManager.swift */ = {isa = PBXFileReference; lastKnownFileType = sourcecode.swift; path = CoreDataManager.swift; sourceTree = "<group>"; };
		19659B0D2B76096800158FF0 /* DateHelper.swift */ = {isa = PBXFileReference; lastKnownFileType = sourcecode.swift; path = DateHelper.swift; sourceTree = "<group>"; };
		19659B102B7660BA00158FF0 /* ConfirmPurchaseView.swift */ = {isa = PBXFileReference; lastKnownFileType = sourcecode.swift; path = ConfirmPurchaseView.swift; sourceTree = "<group>"; };
/* End PBXFileReference section */

/* Begin PBXFrameworksBuildPhase section */
		19659AD22B74C7EC00158FF0 /* Frameworks */ = {
			isa = PBXFrameworksBuildPhase;
			buildActionMask = 2147483647;
			files = (
			);
			runOnlyForDeploymentPostprocessing = 0;
		};
/* End PBXFrameworksBuildPhase section */

/* Begin PBXGroup section */
		19659ACC2B74C7EC00158FF0 = {
			isa = PBXGroup;
			children = (
				19659AD72B74C7EC00158FF0 /* MoneyManager */,
				19659AD62B74C7EC00158FF0 /* Products */,
			);
			sourceTree = "<group>";
		};
		19659AD62B74C7EC00158FF0 /* Products */ = {
			isa = PBXGroup;
			children = (
				19659AD52B74C7EC00158FF0 /* MoneyManager.app */,
			);
			name = Products;
			sourceTree = "<group>";
		};
		19659AD72B74C7EC00158FF0 /* MoneyManager */ = {
			isa = PBXGroup;
			children = (
				19659B0B2B76095C00158FF0 /* Helpers */,
				19659AEA2B74CA4E00158FF0 /* App */,
				19659AFB2B7516C000158FF0 /* Data */,
				19659AEF2B74DA8B00158FF0 /* Domain */,
				19659AE62B74C9BF00158FF0 /* Presentation */,
				19659ADC2B74C7EF00158FF0 /* Assets.xcassets */,
				19659ADE2B74C7EF00158FF0 /* Preview Content */,
			);
			path = MoneyManager;
			sourceTree = "<group>";
		};
		19659ADE2B74C7EF00158FF0 /* Preview Content */ = {
			isa = PBXGroup;
			children = (
				19659ADF2B74C7EF00158FF0 /* Preview Assets.xcassets */,
			);
			path = "Preview Content";
			sourceTree = "<group>";
		};
		19659AE62B74C9BF00158FF0 /* Presentation */ = {
			isa = PBXGroup;
			children = (
				19659B0F2B7660A100158FF0 /* Confirm Purchase */,
				19659AF42B7502E000158FF0 /* Add Wishlist */,
				19659AE72B74C9C500158FF0 /* Dashboard */,
			);
			path = Presentation;
			sourceTree = "<group>";
		};
		19659AE72B74C9C500158FF0 /* Dashboard */ = {
			isa = PBXGroup;
			children = (
				19659AE82B74C9E300158FF0 /* Viewmodel */,
				19659AE92B74C9E800158FF0 /* View */,
			);
			path = Dashboard;
			sourceTree = "<group>";
		};
		19659AE82B74C9E300158FF0 /* Viewmodel */ = {
			isa = PBXGroup;
			children = (
				19659AED2B74D9B300158FF0 /* DashboardViewModel.swift */,
			);
			path = Viewmodel;
			sourceTree = "<group>";
		};
		19659AE92B74C9E800158FF0 /* View */ = {
			isa = PBXGroup;
			children = (
				19659AEB2B74CA7300158FF0 /* DashboardView.swift */,
			);
			path = View;
			sourceTree = "<group>";
		};
		19659AEA2B74CA4E00158FF0 /* App */ = {
			isa = PBXGroup;
			children = (
				19659AD82B74C7EC00158FF0 /* MoneyManagerApp.swift */,
			);
			path = App;
			sourceTree = "<group>";
		};
		19659AEF2B74DA8B00158FF0 /* Domain */ = {
			isa = PBXGroup;
			children = (
				19659AF12B74DAA100158FF0 /* Models */,
				19659AF02B74DA9B00158FF0 /* Use Case */,
			);
			path = Domain;
			sourceTree = "<group>";
		};
		19659AF02B74DA9B00158FF0 /* Use Case */ = {
			isa = PBXGroup;
			children = (
			);
			path = "Use Case";
			sourceTree = "<group>";
		};
		19659AF12B74DAA100158FF0 /* Models */ = {
			isa = PBXGroup;
			children = (
				19659AF22B74DAAB00158FF0 /* Wishlist.swift */,
			);
			path = Models;
			sourceTree = "<group>";
		};
		19659AF42B7502E000158FF0 /* Add Wishlist */ = {
			isa = PBXGroup;
			children = (
				19659AF62B7502ED00158FF0 /* ViewModel */,
				19659AF52B7502E900158FF0 /* View */,
			);
			path = "Add Wishlist";
			sourceTree = "<group>";
		};
		19659AF52B7502E900158FF0 /* View */ = {
			isa = PBXGroup;
			children = (
				19659AF72B75030A00158FF0 /* AddWishlistView.swift */,
			);
			path = View;
			sourceTree = "<group>";
		};
		19659AF62B7502ED00158FF0 /* ViewModel */ = {
			isa = PBXGroup;
			children = (
				19659AF92B75156700158FF0 /* AddWishlistViewModel.swift */,
			);
			path = ViewModel;
			sourceTree = "<group>";
		};
		19659AFB2B7516C000158FF0 /* Data */ = {
			isa = PBXGroup;
			children = (
				19659AFF2B7516DE00158FF0 /* Local */,
				19659AFC2B7516CD00158FF0 /* Repository */,
			);
			path = Data;
			sourceTree = "<group>";
		};
		19659AFC2B7516CD00158FF0 /* Repository */ = {
			isa = PBXGroup;
			children = (
				19659AFD2B7516D800158FF0 /* WishlistRepository.swift */,
			);
			path = Repository;
			sourceTree = "<group>";
		};
		19659AFF2B7516DE00158FF0 /* Local */ = {
			isa = PBXGroup;
			children = (
				19659B002B7516EC00158FF0 /* WishlistLocalDataSource.swift */,
				19659B052B7518FF00158FF0 /* WishlistStorage.xcdatamodeld */,
				19659B092B7519F300158FF0 /* CoreDataManager.swift */,
			);
			path = Local;
			sourceTree = "<group>";
		};
		19659B0B2B76095C00158FF0 /* Helpers */ = {
			isa = PBXGroup;
			children = (
				19659B0C2B76095F00158FF0 /* DateFormatter */,
			);
			path = Helpers;
			sourceTree = "<group>";
		};
		19659B0C2B76095F00158FF0 /* DateFormatter */ = {
			isa = PBXGroup;
			children = (
				19659B0D2B76096800158FF0 /* DateHelper.swift */,
			);
			path = DateFormatter;
			sourceTree = "<group>";
		};
		19659B0F2B7660A100158FF0 /* Confirm Purchase */ = {
			isa = PBXGroup;
			children = (
				19659B102B7660BA00158FF0 /* ConfirmPurchaseView.swift */,
			);
			path = "Confirm Purchase";
			sourceTree = "<group>";
		};
/* End PBXGroup section */

/* Begin PBXNativeTarget section */
		19659AD42B74C7EC00158FF0 /* MoneyManager */ = {
			isa = PBXNativeTarget;
			buildConfigurationList = 19659AE32B74C7EF00158FF0 /* Build configuration list for PBXNativeTarget "MoneyManager" */;
			buildPhases = (
				19659AD12B74C7EC00158FF0 /* Sources */,
				19659AD22B74C7EC00158FF0 /* Frameworks */,
				19659AD32B74C7EC00158FF0 /* Resources */,
			);
			buildRules = (
			);
			dependencies = (
			);
			name = MoneyManager;
			productName = MoneyManager;
			productReference = 19659AD52B74C7EC00158FF0 /* MoneyManager.app */;
			productType = "com.apple.product-type.application";
		};
/* End PBXNativeTarget section */

/* Begin PBXProject section */
		19659ACD2B74C7EC00158FF0 /* Project object */ = {
			isa = PBXProject;
			attributes = {
				BuildIndependentTargetsInParallel = 1;
				LastSwiftUpdateCheck = 1520;
				LastUpgradeCheck = 1520;
				TargetAttributes = {
					19659AD42B74C7EC00158FF0 = {
						CreatedOnToolsVersion = 15.2;
					};
				};
			};
			buildConfigurationList = 19659AD02B74C7EC00158FF0 /* Build configuration list for PBXProject "MoneyManager" */;
			compatibilityVersion = "Xcode 14.0";
			developmentRegion = en;
			hasScannedForEncodings = 0;
			knownRegions = (
				en,
				Base,
			);
			mainGroup = 19659ACC2B74C7EC00158FF0;
			productRefGroup = 19659AD62B74C7EC00158FF0 /* Products */;
			projectDirPath = "";
			projectRoot = "";
			targets = (
				19659AD42B74C7EC00158FF0 /* MoneyManager */,
			);
		};
/* End PBXProject section */

/* Begin PBXResourcesBuildPhase section */
		19659AD32B74C7EC00158FF0 /* Resources */ = {
			isa = PBXResourcesBuildPhase;
			buildActionMask = 2147483647;
			files = (
				19659AE02B74C7EF00158FF0 /* Preview Assets.xcassets in Resources */,
				19659ADD2B74C7EF00158FF0 /* Assets.xcassets in Resources */,
			);
			runOnlyForDeploymentPostprocessing = 0;
		};
/* End PBXResourcesBuildPhase section */

/* Begin PBXSourcesBuildPhase section */
		19659AD12B74C7EC00158FF0 /* Sources */ = {
			isa = PBXSourcesBuildPhase;
			buildActionMask = 2147483647;
			files = (
				19659AF32B74DAAB00158FF0 /* Wishlist.swift in Sources */,
				19659AFA2B75156700158FF0 /* AddWishlistViewModel.swift in Sources */,
				19659B082B7518FF00158FF0 /* WishlistStorage.xcdatamodeld in Sources */,
				19659AF82B75030A00158FF0 /* AddWishlistView.swift in Sources */,
				19659B112B7660BA00158FF0 /* ConfirmPurchaseView.swift in Sources */,
				19659AEC2B74CA7300158FF0 /* DashboardView.swift in Sources */,
				19659AD92B74C7EC00158FF0 /* MoneyManagerApp.swift in Sources */,
				19659B012B7516EC00158FF0 /* WishlistLocalDataSource.swift in Sources */,
				19659AEE2B74D9B300158FF0 /* DashboardViewModel.swift in Sources */,
				19659B0E2B76096800158FF0 /* DateHelper.swift in Sources */,
				19659B0A2B7519F300158FF0 /* CoreDataManager.swift in Sources */,
				19659AFE2B7516D800158FF0 /* WishlistRepository.swift in Sources */,
			);
			runOnlyForDeploymentPostprocessing = 0;
		};
/* End PBXSourcesBuildPhase section */

/* Begin XCBuildConfiguration section */
		19659AE12B74C7EF00158FF0 /* Debug */ = {
			isa = XCBuildConfiguration;
			buildSettings = {
				ALWAYS_SEARCH_USER_PATHS = NO;
				ASSETCATALOG_COMPILER_GENERATE_SWIFT_ASSET_SYMBOL_EXTENSIONS = YES;
				CLANG_ANALYZER_NONNULL = YES;
				CLANG_ANALYZER_NUMBER_OBJECT_CONVERSION = YES_AGGRESSIVE;
				CLANG_CXX_LANGUAGE_STANDARD = "gnu++20";
				CLANG_ENABLE_MODULES = YES;
				CLANG_ENABLE_OBJC_ARC = YES;
				CLANG_ENABLE_OBJC_WEAK = YES;
				CLANG_WARN_BLOCK_CAPTURE_AUTORELEASING = YES;
				CLANG_WARN_BOOL_CONVERSION = YES;
				CLANG_WARN_COMMA = YES;
				CLANG_WARN_CONSTANT_CONVERSION = YES;
				CLANG_WARN_DEPRECATED_OBJC_IMPLEMENTATIONS = YES;
				CLANG_WARN_DIRECT_OBJC_ISA_USAGE = YES_ERROR;
				CLANG_WARN_DOCUMENTATION_COMMENTS = YES;
				CLANG_WARN_EMPTY_BODY = YES;
				CLANG_WARN_ENUM_CONVERSION = YES;
				CLANG_WARN_INFINITE_RECURSION = YES;
				CLANG_WARN_INT_CONVERSION = YES;
				CLANG_WARN_NON_LITERAL_NULL_CONVERSION = YES;
				CLANG_WARN_OBJC_IMPLICIT_RETAIN_SELF = YES;
				CLANG_WARN_OBJC_LITERAL_CONVERSION = YES;
				CLANG_WARN_OBJC_ROOT_CLASS = YES_ERROR;
				CLANG_WARN_QUOTED_INCLUDE_IN_FRAMEWORK_HEADER = YES;
				CLANG_WARN_RANGE_LOOP_ANALYSIS = YES;
				CLANG_WARN_STRICT_PROTOTYPES = YES;
				CLANG_WARN_SUSPICIOUS_MOVE = YES;
				CLANG_WARN_UNGUARDED_AVAILABILITY = YES_AGGRESSIVE;
				CLANG_WARN_UNREACHABLE_CODE = YES;
				CLANG_WARN__DUPLICATE_METHOD_MATCH = YES;
				COPY_PHASE_STRIP = NO;
				DEBUG_INFORMATION_FORMAT = dwarf;
				ENABLE_STRICT_OBJC_MSGSEND = YES;
				ENABLE_TESTABILITY = YES;
				ENABLE_USER_SCRIPT_SANDBOXING = YES;
				GCC_C_LANGUAGE_STANDARD = gnu17;
				GCC_DYNAMIC_NO_PIC = NO;
				GCC_NO_COMMON_BLOCKS = YES;
				GCC_OPTIMIZATION_LEVEL = 0;
				GCC_PREPROCESSOR_DEFINITIONS = (
					"DEBUG=1",
					"$(inherited)",
				);
				GCC_WARN_64_TO_32_BIT_CONVERSION = YES;
				GCC_WARN_ABOUT_RETURN_TYPE = YES_ERROR;
				GCC_WARN_UNDECLARED_SELECTOR = YES;
				GCC_WARN_UNINITIALIZED_AUTOS = YES_AGGRESSIVE;
				GCC_WARN_UNUSED_FUNCTION = YES;
				GCC_WARN_UNUSED_VARIABLE = YES;
				IPHONEOS_DEPLOYMENT_TARGET = 17.2;
				LOCALIZATION_PREFERS_STRING_CATALOGS = YES;
				MTL_ENABLE_DEBUG_INFO = INCLUDE_SOURCE;
				MTL_FAST_MATH = YES;
				ONLY_ACTIVE_ARCH = YES;
				SDKROOT = iphoneos;
				SWIFT_ACTIVE_COMPILATION_CONDITIONS = "DEBUG $(inherited)";
				SWIFT_OPTIMIZATION_LEVEL = "-Onone";
			};
			name = Debug;
		};
		19659AE22B74C7EF00158FF0 /* Release */ = {
			isa = XCBuildConfiguration;
			buildSettings = {
				ALWAYS_SEARCH_USER_PATHS = NO;
				ASSETCATALOG_COMPILER_GENERATE_SWIFT_ASSET_SYMBOL_EXTENSIONS = YES;
				CLANG_ANALYZER_NONNULL = YES;
				CLANG_ANALYZER_NUMBER_OBJECT_CONVERSION = YES_AGGRESSIVE;
				CLANG_CXX_LANGUAGE_STANDARD = "gnu++20";
				CLANG_ENABLE_MODULES = YES;
				CLANG_ENABLE_OBJC_ARC = YES;
				CLANG_ENABLE_OBJC_WEAK = YES;
				CLANG_WARN_BLOCK_CAPTURE_AUTORELEASING = YES;
				CLANG_WARN_BOOL_CONVERSION = YES;
				CLANG_WARN_COMMA = YES;
				CLANG_WARN_CONSTANT_CONVERSION = YES;
				CLANG_WARN_DEPRECATED_OBJC_IMPLEMENTATIONS = YES;
				CLANG_WARN_DIRECT_OBJC_ISA_USAGE = YES_ERROR;
				CLANG_WARN_DOCUMENTATION_COMMENTS = YES;
				CLANG_WARN_EMPTY_BODY = YES;
				CLANG_WARN_ENUM_CONVERSION = YES;
				CLANG_WARN_INFINITE_RECURSION = YES;
				CLANG_WARN_INT_CONVERSION = YES;
				CLANG_WARN_NON_LITERAL_NULL_CONVERSION = YES;
				CLANG_WARN_OBJC_IMPLICIT_RETAIN_SELF = YES;
				CLANG_WARN_OBJC_LITERAL_CONVERSION = YES;
				CLANG_WARN_OBJC_ROOT_CLASS = YES_ERROR;
				CLANG_WARN_QUOTED_INCLUDE_IN_FRAMEWORK_HEADER = YES;
				CLANG_WARN_RANGE_LOOP_ANALYSIS = YES;
				CLANG_WARN_STRICT_PROTOTYPES = YES;
				CLANG_WARN_SUSPICIOUS_MOVE = YES;
				CLANG_WARN_UNGUARDED_AVAILABILITY = YES_AGGRESSIVE;
				CLANG_WARN_UNREACHABLE_CODE = YES;
				CLANG_WARN__DUPLICATE_METHOD_MATCH = YES;
				COPY_PHASE_STRIP = NO;
				DEBUG_INFORMATION_FORMAT = "dwarf-with-dsym";
				ENABLE_NS_ASSERTIONS = NO;
				ENABLE_STRICT_OBJC_MSGSEND = YES;
				ENABLE_USER_SCRIPT_SANDBOXING = YES;
				GCC_C_LANGUAGE_STANDARD = gnu17;
				GCC_NO_COMMON_BLOCKS = YES;
				GCC_WARN_64_TO_32_BIT_CONVERSION = YES;
				GCC_WARN_ABOUT_RETURN_TYPE = YES_ERROR;
				GCC_WARN_UNDECLARED_SELECTOR = YES;
				GCC_WARN_UNINITIALIZED_AUTOS = YES_AGGRESSIVE;
				GCC_WARN_UNUSED_FUNCTION = YES;
				GCC_WARN_UNUSED_VARIABLE = YES;
				IPHONEOS_DEPLOYMENT_TARGET = 17.2;
				LOCALIZATION_PREFERS_STRING_CATALOGS = YES;
				MTL_ENABLE_DEBUG_INFO = NO;
				MTL_FAST_MATH = YES;
				SDKROOT = iphoneos;
				SWIFT_COMPILATION_MODE = wholemodule;
				VALIDATE_PRODUCT = YES;
			};
			name = Release;
		};
		19659AE42B74C7EF00158FF0 /* Debug */ = {
			isa = XCBuildConfiguration;
			buildSettings = {
				ASSETCATALOG_COMPILER_APPICON_NAME = AppIcon;
				ASSETCATALOG_COMPILER_GLOBAL_ACCENT_COLOR_NAME = AccentColor;
				CODE_SIGN_STYLE = Automatic;
				CURRENT_PROJECT_VERSION = 1;
				DEVELOPMENT_ASSET_PATHS = "\"MoneyManager/Preview Content\"";
				DEVELOPMENT_TEAM = 282R274LXF;
				ENABLE_PREVIEWS = YES;
				GENERATE_INFOPLIST_FILE = YES;
				INFOPLIST_KEY_UIApplicationSceneManifest_Generation = YES;
				INFOPLIST_KEY_UIApplicationSupportsIndirectInputEvents = YES;
				INFOPLIST_KEY_UILaunchScreen_Generation = YES;
				INFOPLIST_KEY_UISupportedInterfaceOrientations_iPad = "UIInterfaceOrientationPortrait UIInterfaceOrientationPortraitUpsideDown UIInterfaceOrientationLandscapeLeft UIInterfaceOrientationLandscapeRight";
				INFOPLIST_KEY_UISupportedInterfaceOrientations_iPhone = "UIInterfaceOrientationPortrait UIInterfaceOrientationLandscapeLeft UIInterfaceOrientationLandscapeRight";
				IPHONEOS_DEPLOYMENT_TARGET = 14.0;
				LD_RUNPATH_SEARCH_PATHS = (
					"$(inherited)",
					"@executable_path/Frameworks",
				);
				MARKETING_VERSION = 1.0;
				PRODUCT_BUNDLE_IDENTIFIER = Arya.MoneyManager;
				PRODUCT_NAME = "$(TARGET_NAME)";
				SUPPORTED_PLATFORMS = "iphoneos iphonesimulator";
				SUPPORTS_MACCATALYST = NO;
				SUPPORTS_MAC_DESIGNED_FOR_IPHONE_IPAD = NO;
				SUPPORTS_XR_DESIGNED_FOR_IPHONE_IPAD = NO;
				SWIFT_EMIT_LOC_STRINGS = YES;
				SWIFT_VERSION = 5.0;
				TARGETED_DEVICE_FAMILY = "1,2";
			};
			name = Debug;
		};
		19659AE52B74C7EF00158FF0 /* Release */ = {
			isa = XCBuildConfiguration;
			buildSettings = {
				ASSETCATALOG_COMPILER_APPICON_NAME = AppIcon;
				ASSETCATALOG_COMPILER_GLOBAL_ACCENT_COLOR_NAME = AccentColor;
				CODE_SIGN_STYLE = Automatic;
				CURRENT_PROJECT_VERSION = 1;
				DEVELOPMENT_ASSET_PATHS = "\"MoneyManager/Preview Content\"";
				DEVELOPMENT_TEAM = 282R274LXF;
				ENABLE_PREVIEWS = YES;
				GENERATE_INFOPLIST_FILE = YES;
				INFOPLIST_KEY_UIApplicationSceneManifest_Generation = YES;
				INFOPLIST_KEY_UIApplicationSupportsIndirectInputEvents = YES;
				INFOPLIST_KEY_UILaunchScreen_Generation = YES;
				INFOPLIST_KEY_UISupportedInterfaceOrientations_iPad = "UIInterfaceOrientationPortrait UIInterfaceOrientationPortraitUpsideDown UIInterfaceOrientationLandscapeLeft UIInterfaceOrientationLandscapeRight";
				INFOPLIST_KEY_UISupportedInterfaceOrientations_iPhone = "UIInterfaceOrientationPortrait UIInterfaceOrientationLandscapeLeft UIInterfaceOrientationLandscapeRight";
				IPHONEOS_DEPLOYMENT_TARGET = 14.0;
				LD_RUNPATH_SEARCH_PATHS = (
					"$(inherited)",
					"@executable_path/Frameworks",
				);
				MARKETING_VERSION = 1.0;
				PRODUCT_BUNDLE_IDENTIFIER = Arya.MoneyManager;
				PRODUCT_NAME = "$(TARGET_NAME)";
				SUPPORTED_PLATFORMS = "iphoneos iphonesimulator";
				SUPPORTS_MACCATALYST = NO;
				SUPPORTS_MAC_DESIGNED_FOR_IPHONE_IPAD = NO;
				SUPPORTS_XR_DESIGNED_FOR_IPHONE_IPAD = NO;
				SWIFT_EMIT_LOC_STRINGS = YES;
				SWIFT_VERSION = 5.0;
				TARGETED_DEVICE_FAMILY = "1,2";
			};
			name = Release;
		};
/* End XCBuildConfiguration section */

/* Begin XCConfigurationList section */
		19659AD02B74C7EC00158FF0 /* Build configuration list for PBXProject "MoneyManager" */ = {
			isa = XCConfigurationList;
			buildConfigurations = (
				19659AE12B74C7EF00158FF0 /* Debug */,
				19659AE22B74C7EF00158FF0 /* Release */,
			);
			defaultConfigurationIsVisible = 0;
			defaultConfigurationName = Release;
		};
		19659AE32B74C7EF00158FF0 /* Build configuration list for PBXNativeTarget "MoneyManager" */ = {
			isa = XCConfigurationList;
			buildConfigurations = (
				19659AE42B74C7EF00158FF0 /* Debug */,
				19659AE52B74C7EF00158FF0 /* Release */,
			);
			defaultConfigurationIsVisible = 0;
			defaultConfigurationName = Release;
		};
/* End XCConfigurationList section */

/* Begin XCVersionGroup section */
		19659B052B7518FF00158FF0 /* WishlistStorage.xcdatamodeld */ = {
			isa = XCVersionGroup;
			children = (
				19659B062B7518FF00158FF0 /* WishlistStorage.xcdatamodel */,
				19659B072B7518FF00158FF0 /* Wishlist.xcdatamodel */,
			);
			currentVersion = 19659B062B7518FF00158FF0 /* WishlistStorage.xcdatamodel */;
			path = WishlistStorage.xcdatamodeld;
			sourceTree = "<group>";
			versionGroupType = wrapper.xcdatamodel;
		};
/* End XCVersionGroup section */
	};
	rootObject = 19659ACD2B74C7EC00158FF0 /* Project object */;
}
